
Microsoft Visual Studio Solution File, Format Version 12.00
# Visual Studio 15
VisualStudioVersion = 15.0.27703.2035
MinimumVisualStudioVersion = 10.0.40219.1
Project("{9A19103F-16F7-4668-BE54-9A1E7A4F7556}") = "Lambda", "src\Lambda\Lambda.csproj", "{1B42FF73-5BDE-43DF-86B9-7C5FA6AB2BF1}"
EndProject
Project("{9A19103F-16F7-4668-BE54-9A1E7A4F7556}") = "Lambda.Tests", "test\Lambda.Tests\Lambda.Tests.csproj", "{1D0F69E2-1C72-4171-AB1D-5BBBC76592C1}"
EndProject
Global
	GlobalSection(SolutionConfigurationPlatforms) = preSolution
		Debug|Any CPU = Debug|Any CPU
		Release|Any CPU = Release|Any CPU
	EndGlobalSection
	GlobalSection(ProjectConfigurationPlatforms) = postSolution
		{1B42FF73-5BDE-43DF-86B9-7C5FA6AB2BF1}.Debug|Any CPU.ActiveCfg = Debug|Any CPU
		{1B42FF73-5BDE-43DF-86B9-7C5FA6AB2BF1}.Debug|Any CPU.Build.0 = Debug|Any CPU
		{1B42FF73-5BDE-43DF-86B9-7C5FA6AB2BF1}.Release|Any CPU.ActiveCfg = Release|Any CPU
		{1B42FF73-5BDE-43DF-86B9-7C5FA6AB2BF1}.Release|Any CPU.Build.0 = Release|Any CPU
		{1D0F69E2-1C72-4171-AB1D-5BBBC76592C1}.Debug|Any CPU.ActiveCfg = Debug|Any CPU
		{1D0F69E2-1C72-4171-AB1D-5BBBC76592C1}.Debug|Any CPU.Build.0 = Debug|Any CPU
		{1D0F69E2-1C72-4171-AB1D-5BBBC76592C1}.Release|Any CPU.ActiveCfg = Release|Any CPU
		{1D0F69E2-1C72-4171-AB1D-5BBBC76592C1}.Release|Any CPU.Build.0 = Release|Any CPU
	EndGlobalSection
	GlobalSection(SolutionProperties) = preSolution
		HideSolutionNode = FALSE
	EndGlobalSection
	GlobalSection(ExtensibilityGlobals) = postSolution
		SolutionGuid = {D998CDD6-44A6-40D9-B12C-6C4328AA7532}
	EndGlobalSection
EndGlobal
